
Microsoft Visual Studio Solution File, Format Version 12.00
# Visual Studio Version 16
VisualStudioVersion = 16.0.29709.97
MinimumVisualStudioVersion = 10.0.40219.1
Project("{9A19103F-16F7-4668-BE54-9A1E7A4F7556}") = "BookStore-API", "BookStore-API\BookStore-API.csproj", "{437A063A-578A-4EB9-A87F-F78ECB32BF71}"
EndProject
Project("{FAE04EC0-301F-11D3-BF4B-00C04F79EFBC}") = "BookStore-UI", "BookStore-UI\BookStore-UI.csproj", "{13555D99-AE07-4598-961E-2DF55E03EC71}"
EndProject
Global
	GlobalSection(SolutionConfigurationPlatforms) = preSolution
		Debug|Any CPU = Debug|Any CPU
		Release|Any CPU = Release|Any CPU
	EndGlobalSection
	GlobalSection(ProjectConfigurationPlatforms) = postSolution
		{437A063A-578A-4EB9-A87F-F78ECB32BF71}.Debug|Any CPU.ActiveCfg = Debug|Any CPU
		{437A063A-578A-4EB9-A87F-F78ECB32BF71}.Debug|Any CPU.Build.0 = Debug|Any CPU
		{437A063A-578A-4EB9-A87F-F78ECB32BF71}.Release|Any CPU.ActiveCfg = Release|Any CPU
		{437A063A-578A-4EB9-A87F-F78ECB32BF71}.Release|Any CPU.Build.0 = Release|Any CPU
		{13555D99-AE07-4598-961E-2DF55E03EC71}.Debug|Any CPU.ActiveCfg = Debug|Any CPU
		{13555D99-AE07-4598-961E-2DF55E03EC71}.Debug|Any CPU.Build.0 = Debug|Any CPU
		{13555D99-AE07-4598-961E-2DF55E03EC71}.Release|Any CPU.ActiveCfg = Release|Any CPU
		{13555D99-AE07-4598-961E-2DF55E03EC71}.Release|Any CPU.Build.0 = Release|Any CPU
	EndGlobalSection
	GlobalSection(SolutionProperties) = preSolution
		HideSolutionNode = FALSE
	EndGlobalSection
	GlobalSection(ExtensibilityGlobals) = postSolution
		SolutionGuid = {C75486AB-1651-4ACE-8702-206832EC9817}
	EndGlobalSection
EndGlobal
